
Microsoft Visual Studio Solution File, Format Version 12.00
# Visual Studio Version 16
VisualStudioVersion = 17.0.31611.283
MinimumVisualStudioVersion = 10.0.40219.1
Project("{FAE04EC0-301F-11D3-BF4B-00C04F79EFBC}") = "TrueSport", "TrueSport\TrueSport.csproj", "{A1AADC96-FB45-4995-8F61-9C695264F0F6}"
EndProject
Global
	GlobalSection(SolutionConfigurationPlatforms) = preSolution
		Debug|Any CPU = Debug|Any CPU
		Release|Any CPU = Release|Any CPU
		Debug_Stage_iOS|IOS = Debug_Stage_iOS|IOS
		debug_android|Android = debug_android|Android
	EndGlobalSection
	GlobalSection(ProjectConfigurationPlatforms) = postSolution
		{A1AADC96-FB45-4995-8F61-9C695264F0F6}.Debug|Any CPU.ActiveCfg = Debug|Any CPU
		{A1AADC96-FB45-4995-8F61-9C695264F0F6}.Debug|Any CPU.Build.0 = Debug|Any CPU
		{A1AADC96-FB45-4995-8F61-9C695264F0F6}.Debug|Any CPU.Deploy.0 = Debug|Any CPU
		{A1AADC96-FB45-4995-8F61-9C695264F0F6}.Release|Any CPU.ActiveCfg = Debug_Stage_iOS|Any CPU
		{A1AADC96-FB45-4995-8F61-9C695264F0F6}.Release|Any CPU.Build.0 = Debug_Stage_iOS|Any CPU
		{A1AADC96-FB45-4995-8F61-9C695264F0F6}.Release|Any CPU.Deploy.0 = Debug_Stage_iOS|Any CPU
	EndGlobalSection
	GlobalSection(SolutionProperties) = preSolution
		HideSolutionNode = FALSE
	EndGlobalSection
	GlobalSection(ExtensibilityGlobals) = postSolution
		SolutionGuid = {61F7FB11-1E47-470C-91E2-47F8143E1572}
	EndGlobalSection
EndGlobal
